
Microsoft Visual Studio Solution File, Format Version 12.00
# Visual Studio Version 17
VisualStudioVersion = 17.5.33414.496
MinimumVisualStudioVersion = 10.0.40219.1
Project("{FAE04EC0-301F-11D3-BF4B-00C04F79EFBC}") = "VoiceProcessing", "VoiceProcessing\VoiceProcessing.csproj", "{EE767D69-791F-4A24-970D-2A355BD18CF8}"
EndProject
Global
	GlobalSection(SolutionConfigurationPlatforms) = preSolution
		Debug|Any CPU = Debug|Any CPU
		Release|Any CPU = Release|Any CPU
	EndGlobalSection
	GlobalSection(ProjectConfigurationPlatforms) = postSolution
		{EE767D69-791F-4A24-970D-2A355BD18CF8}.Debug|Any CPU.ActiveCfg = Debug|Any CPU
		{EE767D69-791F-4A24-970D-2A355BD18CF8}.Debug|Any CPU.Build.0 = Debug|Any CPU
		{EE767D69-791F-4A24-970D-2A355BD18CF8}.Release|Any CPU.ActiveCfg = Release|Any CPU
		{EE767D69-791F-4A24-970D-2A355BD18CF8}.Release|Any CPU.Build.0 = Release|Any CPU
	EndGlobalSection
	GlobalSection(SolutionProperties) = preSolution
		HideSolutionNode = FALSE
	EndGlobalSection
	GlobalSection(ExtensibilityGlobals) = postSolution
		SolutionGuid = {7F598FA1-BC0C-498C-82C4-76989C73FD01}
	EndGlobalSection
EndGlobal
